
Microsoft Visual Studio Solution File, Format Version 10.00
# Visual Studio 2008
Project("{8BC9CEB8-8B4A-11D0-8D11-00A0C91BC942}") = "Tetris", "Tetris.vcproj", "{17D050A4-CF1E-47F3-852E-10E7D0B2CA61}"
EndProject
Global
	GlobalSection(SolutionConfigurationPlatforms) = preSolution
		Debug|Win32 = Debug|Win32
		Release|Win32 = Release|Win32
	EndGlobalSection
	GlobalSection(ProjectConfigurationPlatforms) = postSolution
		{17D050A4-CF1E-47F3-852E-10E7D0B2CA61}.Debug|Win32.ActiveCfg = Debug|Win32
		{17D050A4-CF1E-47F3-852E-10E7D0B2CA61}.Debug|Win32.Build.0 = Debug|Win32
		{17D050A4-CF1E-47F3-852E-10E7D0B2CA61}.Release|Win32.ActiveCfg = Release|Win32
		{17D050A4-CF1E-47F3-852E-10E7D0B2CA61}.Release|Win32.Build.0 = Release|Win32
	EndGlobalSection
	GlobalSection(SolutionProperties) = preSolution
		HideSolutionNode = FALSE
	EndGlobalSection
EndGlobal
